// !$*UTF8*$!
{
	archiveVersion = 1;
	classes = {
	};
	objectVersion = 46;
	objects = {

/* Begin PBXBuildFile section */
		0207DA581B56EA530066E2B4 /* Images.xcassets in Resources */ = {isa = PBXBuildFile; fileRef = 0207DA571B56EA530066E2B4 /* Images.xcassets */; };
		0CECDF9DD8ED490A91B84DF2 /* CDVViewController+SplashScreen.m in Sources */ = {isa = PBXBuildFile; fileRef = 3193D55CF318464EB846996F /* CDVViewController+SplashScreen.m */; };
		0DFDE00F93BD4733A52D61CC /* GCDWebServer.m in Sources */ = {isa = PBXBuildFile; fileRef = 8ADAFF1755B0475D81BAE400 /* GCDWebServer.m */; };
		0F911C88F6B1438A86C3E34F /* GCDWebServerURLEncodedFormRequest.m in Sources */ = {isa = PBXBuildFile; fileRef = CE6E4A3DDD5A4BC2A5093AEF /* GCDWebServerURLEncodedFormRequest.m */; };
		1D3623260D0F684500981E51 /* AppDelegate.m in Sources */ = {isa = PBXBuildFile; fileRef = 1D3623250D0F684500981E51 /* AppDelegate.m */; };
		1D60589B0D05DD56006BFB54 /* main.m in Sources */ = {isa = PBXBuildFile; fileRef = 29B97316FDCFA39411CA2CEA /* main.m */; };
		24F50E54D00B400AA74D6500 /* GCDWebServerRequest.m in Sources */ = {isa = PBXBuildFile; fileRef = 9767724C53D9487D95B6C131 /* GCDWebServerRequest.m */; };
		26C560FB62A14C13A1FE7265 /* CDVWKProcessPoolFactory.m in Sources */ = {isa = PBXBuildFile; fileRef = 0EF3430CB3C34F10A9080F74 /* CDVWKProcessPoolFactory.m */; };
		272A8F5B4D0943EE991AFAF5 /* GCDWebServerConnection.m in Sources */ = {isa = PBXBuildFile; fileRef = 6AD1BD023B6A4BF7B2987EAA /* GCDWebServerConnection.m */; };
		2AA510267F164182A6303B21 /* CDVIonicKeyboard.m in Sources */ = {isa = PBXBuildFile; fileRef = C348E8878B654BF08D67E262 /* CDVIonicKeyboard.m */; };
		2E9A8C70F72A47FBA68E89C5 /* CDVWKWebViewUIDelegate.m in Sources */ = {isa = PBXBuildFile; fileRef = 60069F056EDD4E7C89573650 /* CDVWKWebViewUIDelegate.m */; };
		301BF552109A68D80062928A /* libCordova.a in Frameworks */ = {isa = PBXBuildFile; fileRef = 301BF535109A57CC0062928A /* libCordova.a */; };
		302D95F114D2391D003F00A1 /* MainViewController.m in Sources */ = {isa = PBXBuildFile; fileRef = 302D95EF14D2391D003F00A1 /* MainViewController.m */; };
		302D95F214D2391D003F00A1 /* MainViewController.xib in Resources */ = {isa = PBXBuildFile; fileRef = 302D95F014D2391D003F00A1 /* MainViewController.xib */; };
		4D277A1EA8624F498C6066D4 /* WebKit.framework in Frameworks */ = {isa = PBXBuildFile; fileRef = A6E46A9739E44BCE85BAABFC /* WebKit.framework */; settings = {ATTRIBUTES = (Weak, ); }; };
		579A71FF78AC4C8B9405502B /* GCDWebServerFunctions.m in Sources */ = {isa = PBXBuildFile; fileRef = 76B597F7644D45A681DC8307 /* GCDWebServerFunctions.m */; };
		5C4FC8A9B9E34FA2884DE709 /* CDVDevice.m in Sources */ = {isa = PBXBuildFile; fileRef = 171155F926414632A3885154 /* CDVDevice.m */; };
		5FD8B2F0FF6F4202B82A5D78 /* AppDelegate+WebEngagePlugin.m in Sources */ = {isa = PBXBuildFile; fileRef = E22106265ED242A8A7EA805F /* AppDelegate+WebEngagePlugin.m */; };
		60E7CDEB98F14AC48AF9BC14 /* GCDWebServerResponse.m in Sources */ = {isa = PBXBuildFile; fileRef = 3FA2D9BA10C7412C9E03C6C7 /* GCDWebServerResponse.m */; };
		66173DF2A2484841A78F2ACF /* GCDWebServerErrorResponse.m in Sources */ = {isa = PBXBuildFile; fileRef = F822E53CA2534C7DBF4788C1 /* GCDWebServerErrorResponse.m */; };
		6672FF7E0D514BB6B69AB8EE /* WebEngagePlugin.m in Sources */ = {isa = PBXBuildFile; fileRef = 89867C2D55904B99B6D52F10 /* WebEngagePlugin.m */; };
		6AFF5BF91D6E424B00AB3073 /* CDVLaunchScreen.storyboard in Resources */ = {isa = PBXBuildFile; fileRef = 6AFF5BF81D6E424B00AB3073 /* CDVLaunchScreen.storyboard */; };
		7EA5B9109DDF4456946C16AA /* GCDWebServerFileResponse.m in Sources */ = {isa = PBXBuildFile; fileRef = 146B304085604FC4AF1F3C36 /* GCDWebServerFileResponse.m */; };
		8BC88075D35147359402A7B4 /* CDVWKWebViewEngine.m in Sources */ = {isa = PBXBuildFile; fileRef = 42CA89555AB24D78A1260DE6 /* CDVWKWebViewEngine.m */; };
		9616C400314C4DB994DE71B5 /* GCDWebServerMultiPartFormRequest.m in Sources */ = {isa = PBXBuildFile; fileRef = 772150AFF7CD4BD4B5FDB673 /* GCDWebServerMultiPartFormRequest.m */; };
		AD4A8B337C844BE197CB18C4 /* GCDWebServerStreamedResponse.m in Sources */ = {isa = PBXBuildFile; fileRef = C2EA11EA723A48E4A9FA70D3 /* GCDWebServerStreamedResponse.m */; };
		CFC2C0EB20FF19BC006A8961 /* SystemConfiguration.framework in Frameworks */ = {isa = PBXBuildFile; fileRef = CFC2C0EA20FF19BC006A8961 /* SystemConfiguration.framework */; };
		CFC2C0ED20FF19C8006A8961 /* CoreLocation.framework in Frameworks */ = {isa = PBXBuildFile; fileRef = CFC2C0EC20FF19C8006A8961 /* CoreLocation.framework */; };
		CFDF70E12100D7FF0076BE1C /* WebEngage.framework in Embed Frameworks */ = {isa = PBXBuildFile; fileRef = CFDF70DF2100D7FF0076BE1C /* WebEngage.framework */; settings = {ATTRIBUTES = (CodeSignOnCopy, RemoveHeadersOnCopy, ); }; };
		DD21E299B30344E491C3D391 /* libz.tbd in Frameworks */ = {isa = PBXBuildFile; fileRef = 90F2CBC5FBF54F329DC431CA /* libz.tbd */; };
		E0ADABF2ED554DA18DD03463 /* GCDWebServerDataResponse.m in Sources */ = {isa = PBXBuildFile; fileRef = B7B013C3F4644C2487CA1FA5 /* GCDWebServerDataResponse.m */; };
		E1BDDE13DA8C4193800E1046 /* CDVSplashScreen.m in Sources */ = {isa = PBXBuildFile; fileRef = 329E65FF4E0146FDBF14BF33 /* CDVSplashScreen.m */; };
		E963DA9C8745426EB157F373 /* GCDWebServerFileRequest.m in Sources */ = {isa = PBXBuildFile; fileRef = 531F0A205AEB4CDD81274E7C /* GCDWebServerFileRequest.m */; };
		F70BFD510DC94F8CB4DCCE7F /* GCDWebServerDataRequest.m in Sources */ = {isa = PBXBuildFile; fileRef = 65F501B403E44490A2D5F76B /* GCDWebServerDataRequest.m */; };
/* End PBXBuildFile section */

/* Begin PBXContainerItemProxy section */
		301BF534109A57CC0062928A /* PBXContainerItemProxy */ = {
			isa = PBXContainerItemProxy;
			containerPortal = 301BF52D109A57CC0062928A /* CordovaLib/CordovaLib.xcodeproj */;
			proxyType = 2;
			remoteGlobalIDString = D2AAC07E0554694100DB518D;
			remoteInfo = CordovaLib;
		};
		301BF550109A68C00062928A /* PBXContainerItemProxy */ = {
			isa = PBXContainerItemProxy;
			containerPortal = 301BF52D109A57CC0062928A /* CordovaLib/CordovaLib.xcodeproj */;
			proxyType = 1;
			remoteGlobalIDString = D2AAC07D0554694100DB518D;
			remoteInfo = CordovaLib;
		};
		CFC2C0E520FF199B006A8961 /* PBXContainerItemProxy */ = {
			isa = PBXContainerItemProxy;
			containerPortal = 301BF52D109A57CC0062928A /* CordovaLib/CordovaLib.xcodeproj */;
			proxyType = 2;
			remoteGlobalIDString = C0C01EB21E3911D50056E6CB;
			remoteInfo = Cordova;
		};
/* End PBXContainerItemProxy section */

/* Begin PBXCopyFilesBuildPhase section */
		CFDF70E22100D7FF0076BE1C /* Embed Frameworks */ = {
			isa = PBXCopyFilesBuildPhase;
			buildActionMask = 2147483647;
			dstPath = "";
			dstSubfolderSpec = 10;
			files = (
				CFDF70E12100D7FF0076BE1C /* WebEngage.framework in Embed Frameworks */,
			);
			name = "Embed Frameworks";
			runOnlyForDeploymentPostprocessing = 0;
		};
/* End PBXCopyFilesBuildPhase section */

/* Begin PBXFileReference section */
		0207DA571B56EA530066E2B4 /* Images.xcassets */ = {isa = PBXFileReference; lastKnownFileType = folder.assetcatalog; name = Images.xcassets; path = WebEngageTest/Images.xcassets; sourceTree = SOURCE_ROOT; };
		026B27E42A4642C087852B6A /* CDVWKProcessPoolFactory.h */ = {isa = PBXFileReference; explicitFileType = undefined; fileEncoding = 4; includeInIndex = 0; lastKnownFileType = sourcecode.c.h; name = CDVWKProcessPoolFactory.h; path = "cordova-plugin-ionic-webview/CDVWKProcessPoolFactory.h"; sourceTree = "<group>"; };
		0AF84762E1F6405883C016A1 /* GCDWebServerFileResponse.h */ = {isa = PBXFileReference; explicitFileType = undefined; fileEncoding = 4; includeInIndex = 0; lastKnownFileType = sourcecode.c.h; name = GCDWebServerFileResponse.h; path = "cordova-plugin-ionic-webview/GCDWebServerFileResponse.h"; sourceTree = "<group>"; };
		0EF3430CB3C34F10A9080F74 /* CDVWKProcessPoolFactory.m */ = {isa = PBXFileReference; explicitFileType = undefined; fileEncoding = 4; includeInIndex = 0; lastKnownFileType = sourcecode.c.objc; name = CDVWKProcessPoolFactory.m; path = "cordova-plugin-ionic-webview/CDVWKProcessPoolFactory.m"; sourceTree = "<group>"; };
		146B304085604FC4AF1F3C36 /* GCDWebServerFileResponse.m */ = {isa = PBXFileReference; explicitFileType = undefined; fileEncoding = 4; includeInIndex = 0; lastKnownFileType = sourcecode.c.objc; name = GCDWebServerFileResponse.m; path = "cordova-plugin-ionic-webview/GCDWebServerFileResponse.m"; sourceTree = "<group>"; };
		171155F926414632A3885154 /* CDVDevice.m */ = {isa = PBXFileReference; explicitFileType = undefined; fileEncoding = 4; includeInIndex = 0; lastKnownFileType = sourcecode.c.objc; name = CDVDevice.m; path = "cordova-plugin-device/CDVDevice.m"; sourceTree = "<group>"; };
		1859DBB0A88D45C997FFFC38 /* CDVDevice.h */ = {isa = PBXFileReference; explicitFileType = undefined; fileEncoding = 4; includeInIndex = 0; lastKnownFileType = sourcecode.c.h; name = CDVDevice.h; path = "cordova-plugin-device/CDVDevice.h"; sourceTree = "<group>"; };
		1AFDABB6E1BD4B798534E1F2 /* GCDWebServerFileRequest.h */ = {isa = PBXFileReference; explicitFileType = undefined; fileEncoding = 4; includeInIndex = 0; lastKnownFileType = sourcecode.c.h; name = GCDWebServerFileRequest.h; path = "cordova-plugin-ionic-webview/GCDWebServerFileRequest.h"; sourceTree = "<group>"; };
		1D3623240D0F684500981E51 /* AppDelegate.h */ = {isa = PBXFileReference; fileEncoding = 4; lastKnownFileType = sourcecode.c.h; path = AppDelegate.h; sourceTree = "<group>"; };
		1D3623250D0F684500981E51 /* AppDelegate.m */ = {isa = PBXFileReference; fileEncoding = 4; lastKnownFileType = sourcecode.c.objc; path = AppDelegate.m; sourceTree = "<group>"; };
		1D6058910D05DD3D006BFB54 /* WebEngageTest.app */ = {isa = PBXFileReference; explicitFileType = wrapper.application; includeInIndex = 0; path = WebEngageTest.app; sourceTree = BUILT_PRODUCTS_DIR; };
		28EF76DF278048869150BA9F /* CDVWKWebViewUIDelegate.h */ = {isa = PBXFileReference; explicitFileType = undefined; fileEncoding = 4; includeInIndex = 0; lastKnownFileType = sourcecode.c.h; name = CDVWKWebViewUIDelegate.h; path = "cordova-plugin-ionic-webview/CDVWKWebViewUIDelegate.h"; sourceTree = "<group>"; };
		29B97316FDCFA39411CA2CEA /* main.m */ = {isa = PBXFileReference; fileEncoding = 4; lastKnownFileType = sourcecode.c.objc; path = main.m; sourceTree = "<group>"; };
		2F9D085B19324345BE835822 /* GCDWebServerStreamedResponse.h */ = {isa = PBXFileReference; explicitFileType = undefined; fileEncoding = 4; includeInIndex = 0; lastKnownFileType = sourcecode.c.h; name = GCDWebServerStreamedResponse.h; path = "cordova-plugin-ionic-webview/GCDWebServerStreamedResponse.h"; sourceTree = "<group>"; };
		301BF52D109A57CC0062928A /* CordovaLib/CordovaLib.xcodeproj */ = {isa = PBXFileReference; lastKnownFileType = "wrapper.pb-project"; path = CordovaLib/CordovaLib.xcodeproj; sourceTree = "<group>"; };
		301BF56E109A69640062928A /* www */ = {isa = PBXFileReference; lastKnownFileType = folder; path = www; sourceTree = SOURCE_ROOT; };
		302D95EE14D2391D003F00A1 /* MainViewController.h */ = {isa = PBXFileReference; fileEncoding = 4; lastKnownFileType = sourcecode.c.h; path = MainViewController.h; sourceTree = "<group>"; };
		302D95EF14D2391D003F00A1 /* MainViewController.m */ = {isa = PBXFileReference; fileEncoding = 4; lastKnownFileType = sourcecode.c.objc; path = MainViewController.m; sourceTree = "<group>"; };
		302D95F014D2391D003F00A1 /* MainViewController.xib */ = {isa = PBXFileReference; fileEncoding = 4; lastKnownFileType = file.xib; path = MainViewController.xib; sourceTree = "<group>"; };
		3047A50F1AB8059700498E2A /* build-debug.xcconfig */ = {isa = PBXFileReference; fileEncoding = 4; lastKnownFileType = text.xcconfig; name = "build-debug.xcconfig"; path = "cordova/build-debug.xcconfig"; sourceTree = SOURCE_ROOT; };
		3047A5101AB8059700498E2A /* build-release.xcconfig */ = {isa = PBXFileReference; fileEncoding = 4; lastKnownFileType = text.xcconfig; name = "build-release.xcconfig"; path = "cordova/build-release.xcconfig"; sourceTree = SOURCE_ROOT; };
		3047A5111AB8059700498E2A /* build.xcconfig */ = {isa = PBXFileReference; fileEncoding = 4; lastKnownFileType = text.xcconfig; name = build.xcconfig; path = cordova/build.xcconfig; sourceTree = SOURCE_ROOT; };
		307E2C1A178A4A989AF3BF1B /* GCDWebServer.h */ = {isa = PBXFileReference; explicitFileType = undefined; fileEncoding = 4; includeInIndex = 0; lastKnownFileType = sourcecode.c.h; name = GCDWebServer.h; path = "cordova-plugin-ionic-webview/GCDWebServer.h"; sourceTree = "<group>"; };
		3193D55CF318464EB846996F /* CDVViewController+SplashScreen.m */ = {isa = PBXFileReference; explicitFileType = undefined; fileEncoding = 4; includeInIndex = 0; lastKnownFileType = sourcecode.c.objc; name = "CDVViewController+SplashScreen.m"; path = "cordova-plugin-splashscreen/CDVViewController+SplashScreen.m"; sourceTree = "<group>"; };
		329E65FF4E0146FDBF14BF33 /* CDVSplashScreen.m */ = {isa = PBXFileReference; explicitFileType = undefined; fileEncoding = 4; includeInIndex = 0; lastKnownFileType = sourcecode.c.objc; name = CDVSplashScreen.m; path = "cordova-plugin-splashscreen/CDVSplashScreen.m"; sourceTree = "<group>"; };
		32CA4F630368D1EE00C91783 /* WebEngageTest-Prefix.pch */ = {isa = PBXFileReference; fileEncoding = 4; lastKnownFileType = sourcecode.c.h; path = "WebEngageTest-Prefix.pch"; sourceTree = "<group>"; };
		3FA2D9BA10C7412C9E03C6C7 /* GCDWebServerResponse.m */ = {isa = PBXFileReference; explicitFileType = undefined; fileEncoding = 4; includeInIndex = 0; lastKnownFileType = sourcecode.c.objc; name = GCDWebServerResponse.m; path = "cordova-plugin-ionic-webview/GCDWebServerResponse.m"; sourceTree = "<group>"; };
		4000CC9E84D34FB1939240B5 /* GCDWebServerConnection.h */ = {isa = PBXFileReference; explicitFileType = undefined; fileEncoding = 4; includeInIndex = 0; lastKnownFileType = sourcecode.c.h; name = GCDWebServerConnection.h; path = "cordova-plugin-ionic-webview/GCDWebServerConnection.h"; sourceTree = "<group>"; };
		42CA89555AB24D78A1260DE6 /* CDVWKWebViewEngine.m */ = {isa = PBXFileReference; explicitFileType = undefined; fileEncoding = 4; includeInIndex = 0; lastKnownFileType = sourcecode.c.objc; name = CDVWKWebViewEngine.m; path = "cordova-plugin-ionic-webview/CDVWKWebViewEngine.m"; sourceTree = "<group>"; };
		507B2407A813425D9D5F663A /* GCDWebServerDataResponse.h */ = {isa = PBXFileReference; explicitFileType = undefined; fileEncoding = 4; includeInIndex = 0; lastKnownFileType = sourcecode.c.h; name = GCDWebServerDataResponse.h; path = "cordova-plugin-ionic-webview/GCDWebServerDataResponse.h"; sourceTree = "<group>"; };
		531F0A205AEB4CDD81274E7C /* GCDWebServerFileRequest.m */ = {isa = PBXFileReference; explicitFileType = undefined; fileEncoding = 4; includeInIndex = 0; lastKnownFileType = sourcecode.c.objc; name = GCDWebServerFileRequest.m; path = "cordova-plugin-ionic-webview/GCDWebServerFileRequest.m"; sourceTree = "<group>"; };
		53B9C99ED2374E2685412E0C /* CDVIonicKeyboard.h */ = {isa = PBXFileReference; explicitFileType = undefined; fileEncoding = 4; includeInIndex = 0; lastKnownFileType = sourcecode.c.h; name = CDVIonicKeyboard.h; path = "cordova-plugin-ionic-keyboard/CDVIonicKeyboard.h"; sourceTree = "<group>"; };
		60069F056EDD4E7C89573650 /* CDVWKWebViewUIDelegate.m */ = {isa = PBXFileReference; explicitFileType = undefined; fileEncoding = 4; includeInIndex = 0; lastKnownFileType = sourcecode.c.objc; name = CDVWKWebViewUIDelegate.m; path = "cordova-plugin-ionic-webview/CDVWKWebViewUIDelegate.m"; sourceTree = "<group>"; };
		610D22873B144AE3A1A0FEDC /* GCDWebServerFunctions.h */ = {isa = PBXFileReference; explicitFileType = undefined; fileEncoding = 4; includeInIndex = 0; lastKnownFileType = sourcecode.c.h; name = GCDWebServerFunctions.h; path = "cordova-plugin-ionic-webview/GCDWebServerFunctions.h"; sourceTree = "<group>"; };
		6138AD4A8ACE43F2B186CA29 /* GCDWebServerRequest.h */ = {isa = PBXFileReference; explicitFileType = undefined; fileEncoding = 4; includeInIndex = 0; lastKnownFileType = sourcecode.c.h; name = GCDWebServerRequest.h; path = "cordova-plugin-ionic-webview/GCDWebServerRequest.h"; sourceTree = "<group>"; };
		65F501B403E44490A2D5F76B /* GCDWebServerDataRequest.m */ = {isa = PBXFileReference; explicitFileType = undefined; fileEncoding = 4; includeInIndex = 0; lastKnownFileType = sourcecode.c.objc; name = GCDWebServerDataRequest.m; path = "cordova-plugin-ionic-webview/GCDWebServerDataRequest.m"; sourceTree = "<group>"; };
		6AD1BD023B6A4BF7B2987EAA /* GCDWebServerConnection.m */ = {isa = PBXFileReference; explicitFileType = undefined; fileEncoding = 4; includeInIndex = 0; lastKnownFileType = sourcecode.c.objc; name = GCDWebServerConnection.m; path = "cordova-plugin-ionic-webview/GCDWebServerConnection.m"; sourceTree = "<group>"; };
		6AFF5BF81D6E424B00AB3073 /* CDVLaunchScreen.storyboard */ = {isa = PBXFileReference; fileEncoding = 4; lastKnownFileType = file.storyboard; name = CDVLaunchScreen.storyboard; path = WebEngageTest/CDVLaunchScreen.storyboard; sourceTree = SOURCE_ROOT; };
		76B597F7644D45A681DC8307 /* GCDWebServerFunctions.m */ = {isa = PBXFileReference; explicitFileType = undefined; fileEncoding = 4; includeInIndex = 0; lastKnownFileType = sourcecode.c.objc; name = GCDWebServerFunctions.m; path = "cordova-plugin-ionic-webview/GCDWebServerFunctions.m"; sourceTree = "<group>"; };
		772150AFF7CD4BD4B5FDB673 /* GCDWebServerMultiPartFormRequest.m */ = {isa = PBXFileReference; explicitFileType = undefined; fileEncoding = 4; includeInIndex = 0; lastKnownFileType = sourcecode.c.objc; name = GCDWebServerMultiPartFormRequest.m; path = "cordova-plugin-ionic-webview/GCDWebServerMultiPartFormRequest.m"; sourceTree = "<group>"; };
		7CD63E4E24554F5FB1D1206B /* CDVSplashScreen.h */ = {isa = PBXFileReference; explicitFileType = undefined; fileEncoding = 4; includeInIndex = 0; lastKnownFileType = sourcecode.c.h; name = CDVSplashScreen.h; path = "cordova-plugin-splashscreen/CDVSplashScreen.h"; sourceTree = "<group>"; };
		89867C2D55904B99B6D52F10 /* WebEngagePlugin.m */ = {isa = PBXFileReference; explicitFileType = undefined; fileEncoding = 4; includeInIndex = 0; lastKnownFileType = sourcecode.c.objc; name = WebEngagePlugin.m; path = "cordova-plugin-webengage/WebEngagePlugin.m"; sourceTree = "<group>"; };
		8ADAFF1755B0475D81BAE400 /* GCDWebServer.m */ = {isa = PBXFileReference; explicitFileType = undefined; fileEncoding = 4; includeInIndex = 0; lastKnownFileType = sourcecode.c.objc; name = GCDWebServer.m; path = "cordova-plugin-ionic-webview/GCDWebServer.m"; sourceTree = "<group>"; };
		8D1107310486CEB800E47090 /* WebEngageTest-Info.plist */ = {isa = PBXFileReference; fileEncoding = 4; lastKnownFileType = text.plist.xml; name = "WebEngageTest-Info.plist"; path = "WebEngageTest/WebEngageTest-Info.plist"; plistStructureDefinitionIdentifier = "com.apple.xcode.plist.structure-definition.iphone.info-plist"; sourceTree = SOURCE_ROOT; };
		8F9DBBC306F446698A0F6D84 /* GCDWebServerHTTPStatusCodes.h */ = {isa = PBXFileReference; explicitFileType = undefined; fileEncoding = 4; includeInIndex = 0; lastKnownFileType = sourcecode.c.h; name = GCDWebServerHTTPStatusCodes.h; path = "cordova-plugin-ionic-webview/GCDWebServerHTTPStatusCodes.h"; sourceTree = "<group>"; };
		90F2CBC5FBF54F329DC431CA /* libz.tbd */ = {isa = PBXFileReference; explicitFileType = undefined; fileEncoding = 9; includeInIndex = 0; lastKnownFileType = "sourcecode.text-based-dylib-definition"; name = libz.tbd; path = usr/lib/libz.tbd; sourceTree = SDKROOT; };
		91C5AEBBAE3F4F7B97AE9DA7 /* GCDWebServerURLEncodedFormRequest.h */ = {isa = PBXFileReference; explicitFileType = undefined; fileEncoding = 4; includeInIndex = 0; lastKnownFileType = sourcecode.c.h; name = GCDWebServerURLEncodedFormRequest.h; path = "cordova-plugin-ionic-webview/GCDWebServerURLEncodedFormRequest.h"; sourceTree = "<group>"; };
		92D036FABCD54C5C9BDC1660 /* GCDWebServerErrorResponse.h */ = {isa = PBXFileReference; explicitFileType = undefined; fileEncoding = 4; includeInIndex = 0; lastKnownFileType = sourcecode.c.h; name = GCDWebServerErrorResponse.h; path = "cordova-plugin-ionic-webview/GCDWebServerErrorResponse.h"; sourceTree = "<group>"; };
		9767724C53D9487D95B6C131 /* GCDWebServerRequest.m */ = {isa = PBXFileReference; explicitFileType = undefined; fileEncoding = 4; includeInIndex = 0; lastKnownFileType = sourcecode.c.objc; name = GCDWebServerRequest.m; path = "cordova-plugin-ionic-webview/GCDWebServerRequest.m"; sourceTree = "<group>"; };
		9B9ADA774A0F415FA7CF495A /* GCDWebServerPrivate.h */ = {isa = PBXFileReference; explicitFileType = undefined; fileEncoding = 4; includeInIndex = 0; lastKnownFileType = sourcecode.c.h; name = GCDWebServerPrivate.h; path = "cordova-plugin-ionic-webview/GCDWebServerPrivate.h"; sourceTree = "<group>"; };
		9DEBE68175D14877ACF21250 /* AppDelegate+WebEngagePlugin.h */ = {isa = PBXFileReference; explicitFileType = undefined; fileEncoding = 4; includeInIndex = 0; lastKnownFileType = sourcecode.c.h; name = "AppDelegate+WebEngagePlugin.h"; path = "cordova-plugin-webengage/AppDelegate+WebEngagePlugin.h"; sourceTree = "<group>"; };
		A6E46A9739E44BCE85BAABFC /* WebKit.framework */ = {isa = PBXFileReference; explicitFileType = undefined; fileEncoding = 9; includeInIndex = 0; lastKnownFileType = wrapper.framework; name = WebKit.framework; path = System/Library/Frameworks/WebKit.framework; sourceTree = SDKROOT; };
		AA22CC907DB84BD18C469AFA /* GCDWebServerResponse.h */ = {isa = PBXFileReference; explicitFileType = undefined; fileEncoding = 4; includeInIndex = 0; lastKnownFileType = sourcecode.c.h; name = GCDWebServerResponse.h; path = "cordova-plugin-ionic-webview/GCDWebServerResponse.h"; sourceTree = "<group>"; };
		AC83D3473EA441828321B1D8 /* CDVWKWebViewEngine.h */ = {isa = PBXFileReference; explicitFileType = undefined; fileEncoding = 4; includeInIndex = 0; lastKnownFileType = sourcecode.c.h; name = CDVWKWebViewEngine.h; path = "cordova-plugin-ionic-webview/CDVWKWebViewEngine.h"; sourceTree = "<group>"; };
		B48F9DC6EC2A4F77BC9D199E /* WebEngagePlugin.h */ = {isa = PBXFileReference; explicitFileType = undefined; fileEncoding = 4; includeInIndex = 0; lastKnownFileType = sourcecode.c.h; name = WebEngagePlugin.h; path = "cordova-plugin-webengage/WebEngagePlugin.h"; sourceTree = "<group>"; };
		B7B013C3F4644C2487CA1FA5 /* GCDWebServerDataResponse.m */ = {isa = PBXFileReference; explicitFileType = undefined; fileEncoding = 4; includeInIndex = 0; lastKnownFileType = sourcecode.c.objc; name = GCDWebServerDataResponse.m; path = "cordova-plugin-ionic-webview/GCDWebServerDataResponse.m"; sourceTree = "<group>"; };
		BF3E5557093A468CA1D10F84 /* GCDWebServerMultiPartFormRequest.h */ = {isa = PBXFileReference; explicitFileType = undefined; fileEncoding = 4; includeInIndex = 0; lastKnownFileType = sourcecode.c.h; name = GCDWebServerMultiPartFormRequest.h; path = "cordova-plugin-ionic-webview/GCDWebServerMultiPartFormRequest.h"; sourceTree = "<group>"; };
		C2EA11EA723A48E4A9FA70D3 /* GCDWebServerStreamedResponse.m */ = {isa = PBXFileReference; explicitFileType = undefined; fileEncoding = 4; includeInIndex = 0; lastKnownFileType = sourcecode.c.objc; name = GCDWebServerStreamedResponse.m; path = "cordova-plugin-ionic-webview/GCDWebServerStreamedResponse.m"; sourceTree = "<group>"; };
		C348E8878B654BF08D67E262 /* CDVIonicKeyboard.m */ = {isa = PBXFileReference; explicitFileType = undefined; fileEncoding = 4; includeInIndex = 0; lastKnownFileType = sourcecode.c.objc; name = CDVIonicKeyboard.m; path = "cordova-plugin-ionic-keyboard/CDVIonicKeyboard.m"; sourceTree = "<group>"; };
		CB5FFF5A03164F7D8B543B73 /* GCDWebServerDataRequest.h */ = {isa = PBXFileReference; explicitFileType = undefined; fileEncoding = 4; includeInIndex = 0; lastKnownFileType = sourcecode.c.h; name = GCDWebServerDataRequest.h; path = "cordova-plugin-ionic-webview/GCDWebServerDataRequest.h"; sourceTree = "<group>"; };
		CE6E4A3DDD5A4BC2A5093AEF /* GCDWebServerURLEncodedFormRequest.m */ = {isa = PBXFileReference; explicitFileType = undefined; fileEncoding = 4; includeInIndex = 0; lastKnownFileType = sourcecode.c.objc; name = GCDWebServerURLEncodedFormRequest.m; path = "cordova-plugin-ionic-webview/GCDWebServerURLEncodedFormRequest.m"; sourceTree = "<group>"; };
		CFA3CCCC20FF705F003D8D6F /* WebEngageTest.entitlements */ = {isa = PBXFileReference; lastKnownFileType = text.plist.entitlements; name = WebEngageTest.entitlements; path = WebEngageTest/WebEngageTest.entitlements; sourceTree = "<group>"; };
		CFC2C0E320FF199B006A8961 /* WebEngage.framework */ = {isa = PBXFileReference; lastKnownFileType = wrapper.framework; name = WebEngage.framework; path = xc9/WebEngage.framework; sourceTree = "<group>"; };
		CFC2C0EA20FF19BC006A8961 /* SystemConfiguration.framework */ = {isa = PBXFileReference; lastKnownFileType = wrapper.framework; name = SystemConfiguration.framework; path = System/Library/Frameworks/SystemConfiguration.framework; sourceTree = SDKROOT; };
		CFC2C0EC20FF19C8006A8961 /* CoreLocation.framework */ = {isa = PBXFileReference; lastKnownFileType = wrapper.framework; name = CoreLocation.framework; path = System/Library/Frameworks/CoreLocation.framework; sourceTree = SDKROOT; };
		CFDF70DF2100D7FF0076BE1C /* WebEngage.framework */ = {isa = PBXFileReference; lastKnownFileType = wrapper.framework; name = WebEngage.framework; path = xc9/WebEngage.framework; sourceTree = "<group>"; };
		E22106265ED242A8A7EA805F /* AppDelegate+WebEngagePlugin.m */ = {isa = PBXFileReference; explicitFileType = undefined; fileEncoding = 4; includeInIndex = 0; lastKnownFileType = sourcecode.c.objc; name = "AppDelegate+WebEngagePlugin.m"; path = "cordova-plugin-webengage/AppDelegate+WebEngagePlugin.m"; sourceTree = "<group>"; };
		EB87FDF31871DA8E0020F90C /* www */ = {isa = PBXFileReference; lastKnownFileType = folder; name = www; path = ../../www; sourceTree = "<group>"; };
		EB87FDF41871DAF40020F90C /* config.xml */ = {isa = PBXFileReference; lastKnownFileType = text.xml; name = config.xml; path = ../../config.xml; sourceTree = "<group>"; };
		ED33DF2A687741AEAF9F8254 /* Bridging-Header.h */ = {isa = PBXFileReference; fileEncoding = 4; lastKnownFileType = sourcecode.c.h; path = "Bridging-Header.h"; sourceTree = "<group>"; };
		F822E53CA2534C7DBF4788C1 /* GCDWebServerErrorResponse.m */ = {isa = PBXFileReference; explicitFileType = undefined; fileEncoding = 4; includeInIndex = 0; lastKnownFileType = sourcecode.c.objc; name = GCDWebServerErrorResponse.m; path = "cordova-plugin-ionic-webview/GCDWebServerErrorResponse.m"; sourceTree = "<group>"; };
		F840E1F0165FE0F500CFE078 /* config.xml */ = {isa = PBXFileReference; lastKnownFileType = text.xml; name = config.xml; path = WebEngageTest/config.xml; sourceTree = "<group>"; };
		FE240E341F4E42269D5B2976 /* CDVViewController+SplashScreen.h */ = {isa = PBXFileReference; explicitFileType = undefined; fileEncoding = 4; includeInIndex = 0; lastKnownFileType = sourcecode.c.h; name = "CDVViewController+SplashScreen.h"; path = "cordova-plugin-splashscreen/CDVViewController+SplashScreen.h"; sourceTree = "<group>"; };
/* End PBXFileReference section */

/* Begin PBXFrameworksBuildPhase section */
		1D60588F0D05DD3D006BFB54 /* Frameworks */ = {
			isa = PBXFrameworksBuildPhase;
			buildActionMask = 2147483647;
			files = (
				CFC2C0ED20FF19C8006A8961 /* CoreLocation.framework in Frameworks */,
				CFC2C0EB20FF19BC006A8961 /* SystemConfiguration.framework in Frameworks */,
				301BF552109A68D80062928A /* libCordova.a in Frameworks */,
				4D277A1EA8624F498C6066D4 /* WebKit.framework in Frameworks */,
				DD21E299B30344E491C3D391 /* libz.tbd in Frameworks */,
			);
			runOnlyForDeploymentPostprocessing = 0;
		};
/* End PBXFrameworksBuildPhase section */

/* Begin PBXGroup section */
		080E96DDFE201D6D7F000001 /* Classes */ = {
			isa = PBXGroup;
			children = (
				302D95EE14D2391D003F00A1 /* MainViewController.h */,
				302D95EF14D2391D003F00A1 /* MainViewController.m */,
				302D95F014D2391D003F00A1 /* MainViewController.xib */,
				1D3623240D0F684500981E51 /* AppDelegate.h */,
				1D3623250D0F684500981E51 /* AppDelegate.m */,
			);
			name = Classes;
			path = WebEngageTest/Classes;
			sourceTree = SOURCE_ROOT;
		};
		19C28FACFE9D520D11CA2CBB /* Products */ = {
			isa = PBXGroup;
			children = (
				1D6058910D05DD3D006BFB54 /* WebEngageTest.app */,
			);
			name = Products;
			sourceTree = "<group>";
		};
		29B97314FDCFA39411CA2CEA /* CustomTemplate */ = {
			isa = PBXGroup;
			children = (
				CFDF70DF2100D7FF0076BE1C /* WebEngage.framework */,
				CFA3CCCC20FF705F003D8D6F /* WebEngageTest.entitlements */,
				CFC2C0E320FF199B006A8961 /* WebEngage.framework */,
				EB87FDF41871DAF40020F90C /* config.xml */,
				EB87FDF31871DA8E0020F90C /* www */,
				EB87FDF11871DA420020F90C /* Staging */,
				301BF52D109A57CC0062928A /* CordovaLib/CordovaLib.xcodeproj */,
				080E96DDFE201D6D7F000001 /* Classes */,
				307C750510C5A3420062BCA9 /* Plugins */,
				29B97315FDCFA39411CA2CEA /* Other Sources */,
				29B97317FDCFA39411CA2CEA /* Resources */,
				29B97323FDCFA39411CA2CEA /* Frameworks */,
				19C28FACFE9D520D11CA2CBB /* Products */,
			);
			name = CustomTemplate;
			sourceTree = "<group>";
		};
		29B97315FDCFA39411CA2CEA /* Other Sources */ = {
			isa = PBXGroup;
			children = (
				32CA4F630368D1EE00C91783 /* WebEngageTest-Prefix.pch */,
				29B97316FDCFA39411CA2CEA /* main.m */,
				ED33DF2A687741AEAF9F8254 /* Bridging-Header.h */,
			);
			name = "Other Sources";
			path = WebEngageTest;
			sourceTree = "<group>";
		};
		29B97317FDCFA39411CA2CEA /* Resources */ = {
			isa = PBXGroup;
			children = (
				0207DA571B56EA530066E2B4 /* Images.xcassets */,
				3047A50E1AB8057F00498E2A /* config */,
				8D1107310486CEB800E47090 /* WebEngageTest-Info.plist */,
				6AFF5BF81D6E424B00AB3073 /* CDVLaunchScreen.storyboard */,
			);
			name = Resources;
			path = WebEngageTest/Resources;
			sourceTree = "<group>";
		};
		29B97323FDCFA39411CA2CEA /* Frameworks */ = {
			isa = PBXGroup;
			children = (
				CFC2C0EC20FF19C8006A8961 /* CoreLocation.framework */,
				CFC2C0EA20FF19BC006A8961 /* SystemConfiguration.framework */,
				A6E46A9739E44BCE85BAABFC /* WebKit.framework */,
				90F2CBC5FBF54F329DC431CA /* libz.tbd */,
			);
			name = Frameworks;
			sourceTree = "<group>";
		};
		301BF52E109A57CC0062928A /* Products */ = {
			isa = PBXGroup;
			children = (
				301BF535109A57CC0062928A /* libCordova.a */,
				CFC2C0E620FF199B006A8961 /* Cordova.framework */,
			);
			name = Products;
			sourceTree = "<group>";
		};
		3047A50E1AB8057F00498E2A /* config */ = {
			isa = PBXGroup;
			children = (
				3047A50F1AB8059700498E2A /* build-debug.xcconfig */,
				3047A5101AB8059700498E2A /* build-release.xcconfig */,
				3047A5111AB8059700498E2A /* build.xcconfig */,
			);
			name = config;
			sourceTree = "<group>";
		};
		307C750510C5A3420062BCA9 /* Plugins */ = {
			isa = PBXGroup;
			children = (
				171155F926414632A3885154 /* CDVDevice.m */,
				1859DBB0A88D45C997FFFC38 /* CDVDevice.h */,
				C348E8878B654BF08D67E262 /* CDVIonicKeyboard.m */,
				53B9C99ED2374E2685412E0C /* CDVIonicKeyboard.h */,
				42CA89555AB24D78A1260DE6 /* CDVWKWebViewEngine.m */,
				60069F056EDD4E7C89573650 /* CDVWKWebViewUIDelegate.m */,
				0EF3430CB3C34F10A9080F74 /* CDVWKProcessPoolFactory.m */,
				8ADAFF1755B0475D81BAE400 /* GCDWebServer.m */,
				6AD1BD023B6A4BF7B2987EAA /* GCDWebServerConnection.m */,
				76B597F7644D45A681DC8307 /* GCDWebServerFunctions.m */,
				9767724C53D9487D95B6C131 /* GCDWebServerRequest.m */,
				3FA2D9BA10C7412C9E03C6C7 /* GCDWebServerResponse.m */,
				65F501B403E44490A2D5F76B /* GCDWebServerDataRequest.m */,
				531F0A205AEB4CDD81274E7C /* GCDWebServerFileRequest.m */,
				772150AFF7CD4BD4B5FDB673 /* GCDWebServerMultiPartFormRequest.m */,
				CE6E4A3DDD5A4BC2A5093AEF /* GCDWebServerURLEncodedFormRequest.m */,
				B7B013C3F4644C2487CA1FA5 /* GCDWebServerDataResponse.m */,
				F822E53CA2534C7DBF4788C1 /* GCDWebServerErrorResponse.m */,
				146B304085604FC4AF1F3C36 /* GCDWebServerFileResponse.m */,
				C2EA11EA723A48E4A9FA70D3 /* GCDWebServerStreamedResponse.m */,
				AC83D3473EA441828321B1D8 /* CDVWKWebViewEngine.h */,
				28EF76DF278048869150BA9F /* CDVWKWebViewUIDelegate.h */,
				026B27E42A4642C087852B6A /* CDVWKProcessPoolFactory.h */,
				307E2C1A178A4A989AF3BF1B /* GCDWebServer.h */,
				4000CC9E84D34FB1939240B5 /* GCDWebServerConnection.h */,
				610D22873B144AE3A1A0FEDC /* GCDWebServerFunctions.h */,
				8F9DBBC306F446698A0F6D84 /* GCDWebServerHTTPStatusCodes.h */,
				9B9ADA774A0F415FA7CF495A /* GCDWebServerPrivate.h */,
				6138AD4A8ACE43F2B186CA29 /* GCDWebServerRequest.h */,
				AA22CC907DB84BD18C469AFA /* GCDWebServerResponse.h */,
				CB5FFF5A03164F7D8B543B73 /* GCDWebServerDataRequest.h */,
				1AFDABB6E1BD4B798534E1F2 /* GCDWebServerFileRequest.h */,
				BF3E5557093A468CA1D10F84 /* GCDWebServerMultiPartFormRequest.h */,
				91C5AEBBAE3F4F7B97AE9DA7 /* GCDWebServerURLEncodedFormRequest.h */,
				507B2407A813425D9D5F663A /* GCDWebServerDataResponse.h */,
				92D036FABCD54C5C9BDC1660 /* GCDWebServerErrorResponse.h */,
				0AF84762E1F6405883C016A1 /* GCDWebServerFileResponse.h */,
				2F9D085B19324345BE835822 /* GCDWebServerStreamedResponse.h */,
				329E65FF4E0146FDBF14BF33 /* CDVSplashScreen.m */,
				3193D55CF318464EB846996F /* CDVViewController+SplashScreen.m */,
				7CD63E4E24554F5FB1D1206B /* CDVSplashScreen.h */,
				FE240E341F4E42269D5B2976 /* CDVViewController+SplashScreen.h */,
				89867C2D55904B99B6D52F10 /* WebEngagePlugin.m */,
				E22106265ED242A8A7EA805F /* AppDelegate+WebEngagePlugin.m */,
				B48F9DC6EC2A4F77BC9D199E /* WebEngagePlugin.h */,
				9DEBE68175D14877ACF21250 /* AppDelegate+WebEngagePlugin.h */,
			);
			name = Plugins;
			path = WebEngageTest/Plugins;
			sourceTree = SOURCE_ROOT;
		};
		EB87FDF11871DA420020F90C /* Staging */ = {
			isa = PBXGroup;
			children = (
				F840E1F0165FE0F500CFE078 /* config.xml */,
				301BF56E109A69640062928A /* www */,
			);
			name = Staging;
			sourceTree = "<group>";
		};
/* End PBXGroup section */

/* Begin PBXNativeTarget section */
		1D6058900D05DD3D006BFB54 /* WebEngageTest */ = {
			isa = PBXNativeTarget;
			buildConfigurationList = 1D6058960D05DD3E006BFB54 /* Build configuration list for PBXNativeTarget "WebEngageTest" */;
			buildPhases = (
				304B58A110DAC018002A0835 /* Copy www directory */,
				1D60588D0D05DD3D006BFB54 /* Resources */,
				1D60588E0D05DD3D006BFB54 /* Sources */,
				1D60588F0D05DD3D006BFB54 /* Frameworks */,
				CFDF70E22100D7FF0076BE1C /* Embed Frameworks */,
			);
			buildRules = (
			);
			dependencies = (
				301BF551109A68C00062928A /* PBXTargetDependency */,
			);
			name = WebEngageTest;
			productName = WebEngageTest;
			productReference = 1D6058910D05DD3D006BFB54 /* WebEngageTest.app */;
			productType = "com.apple.product-type.application";
		};
/* End PBXNativeTarget section */

/* Begin PBXProject section */
		29B97313FDCFA39411CA2CEA /* Project object */ = {
			isa = PBXProject;
			attributes = {
				LastUpgradeCheck = 510;
				TargetAttributes = {
					1D6058900D05DD3D006BFB54 = {
						DevelopmentTeam = E59R2H2BZQ;
						SystemCapabilities = {
							com.apple.Push = {
								enabled = 1;
							};
						};
					};
				};
			};
			buildConfigurationList = C01FCF4E08A954540054247B /* Build configuration list for PBXProject "WebEngageTest" */;
			compatibilityVersion = "Xcode 3.2";
			developmentRegion = English;
			hasScannedForEncodings = 1;
			knownRegions = (
				en,
			);
			mainGroup = 29B97314FDCFA39411CA2CEA /* CustomTemplate */;
			projectDirPath = "";
			projectReferences = (
				{
					ProductGroup = 301BF52E109A57CC0062928A /* Products */;
					ProjectRef = 301BF52D109A57CC0062928A /* CordovaLib/CordovaLib.xcodeproj */;
				},
			);
			projectRoot = "";
			targets = (
				1D6058900D05DD3D006BFB54 /* WebEngageTest */,
			);
		};
/* End PBXProject section */

/* Begin PBXReferenceProxy section */
		301BF535109A57CC0062928A /* libCordova.a */ = {
			isa = PBXReferenceProxy;
			fileType = archive.ar;
			path = libCordova.a;
			remoteRef = 301BF534109A57CC0062928A /* PBXContainerItemProxy */;
			sourceTree = BUILT_PRODUCTS_DIR;
		};
		CFC2C0E620FF199B006A8961 /* Cordova.framework */ = {
			isa = PBXReferenceProxy;
			fileType = wrapper.framework;
			path = Cordova.framework;
			remoteRef = CFC2C0E520FF199B006A8961 /* PBXContainerItemProxy */;
			sourceTree = BUILT_PRODUCTS_DIR;
		};
/* End PBXReferenceProxy section */

/* Begin PBXResourcesBuildPhase section */
		1D60588D0D05DD3D006BFB54 /* Resources */ = {
			isa = PBXResourcesBuildPhase;
			buildActionMask = 2147483647;
			files = (
				302D95F214D2391D003F00A1 /* MainViewController.xib in Resources */,
				0207DA581B56EA530066E2B4 /* Images.xcassets in Resources */,
				6AFF5BF91D6E424B00AB3073 /* CDVLaunchScreen.storyboard in Resources */,
			);
			runOnlyForDeploymentPostprocessing = 0;
		};
/* End PBXResourcesBuildPhase section */

/* Begin PBXShellScriptBuildPhase section */
		304B58A110DAC018002A0835 /* Copy www directory */ = {
			isa = PBXShellScriptBuildPhase;
			buildActionMask = 2147483647;
			files = (
			);
			inputPaths = (
			);
			name = "Copy www directory";
			outputPaths = (
			);
			runOnlyForDeploymentPostprocessing = 0;
			shellPath = /bin/sh;
			shellScript = "NODEJS_PATH=/usr/local/bin; NVM_NODE_PATH=~/.nvm/versions/node/`nvm version 2>/dev/null`/bin; N_NODE_PATH=`find /usr/local/n/versions/node/* -maxdepth 0 -type d 2>/dev/null | tail -1`/bin; XCODE_NODE_PATH=`xcode-select --print-path`/usr/share/xcs/Node/bin; PATH=$NODEJS_PATH:$NVM_NODE_PATH:$N_NODE_PATH:$XCODE_NODE_PATH:$PATH && node cordova/lib/copy-www-build-step.js";
			showEnvVarsInLog = 0;
		};
/* End PBXShellScriptBuildPhase section */

/* Begin PBXSourcesBuildPhase section */
		1D60588E0D05DD3D006BFB54 /* Sources */ = {
			isa = PBXSourcesBuildPhase;
			buildActionMask = 2147483647;
			files = (
				1D60589B0D05DD56006BFB54 /* main.m in Sources */,
				1D3623260D0F684500981E51 /* AppDelegate.m in Sources */,
				302D95F114D2391D003F00A1 /* MainViewController.m in Sources */,
				5C4FC8A9B9E34FA2884DE709 /* CDVDevice.m in Sources */,
				2AA510267F164182A6303B21 /* CDVIonicKeyboard.m in Sources */,
				8BC88075D35147359402A7B4 /* CDVWKWebViewEngine.m in Sources */,
				2E9A8C70F72A47FBA68E89C5 /* CDVWKWebViewUIDelegate.m in Sources */,
				26C560FB62A14C13A1FE7265 /* CDVWKProcessPoolFactory.m in Sources */,
				0DFDE00F93BD4733A52D61CC /* GCDWebServer.m in Sources */,
				272A8F5B4D0943EE991AFAF5 /* GCDWebServerConnection.m in Sources */,
				579A71FF78AC4C8B9405502B /* GCDWebServerFunctions.m in Sources */,
				24F50E54D00B400AA74D6500 /* GCDWebServerRequest.m in Sources */,
				60E7CDEB98F14AC48AF9BC14 /* GCDWebServerResponse.m in Sources */,
				F70BFD510DC94F8CB4DCCE7F /* GCDWebServerDataRequest.m in Sources */,
				E963DA9C8745426EB157F373 /* GCDWebServerFileRequest.m in Sources */,
				9616C400314C4DB994DE71B5 /* GCDWebServerMultiPartFormRequest.m in Sources */,
				0F911C88F6B1438A86C3E34F /* GCDWebServerURLEncodedFormRequest.m in Sources */,
				E0ADABF2ED554DA18DD03463 /* GCDWebServerDataResponse.m in Sources */,
				66173DF2A2484841A78F2ACF /* GCDWebServerErrorResponse.m in Sources */,
				7EA5B9109DDF4456946C16AA /* GCDWebServerFileResponse.m in Sources */,
				AD4A8B337C844BE197CB18C4 /* GCDWebServerStreamedResponse.m in Sources */,
				E1BDDE13DA8C4193800E1046 /* CDVSplashScreen.m in Sources */,
				0CECDF9DD8ED490A91B84DF2 /* CDVViewController+SplashScreen.m in Sources */,
				6672FF7E0D514BB6B69AB8EE /* WebEngagePlugin.m in Sources */,
				5FD8B2F0FF6F4202B82A5D78 /* AppDelegate+WebEngagePlugin.m in Sources */,
			);
			runOnlyForDeploymentPostprocessing = 0;
		};
/* End PBXSourcesBuildPhase section */

/* Begin PBXTargetDependency section */
		301BF551109A68C00062928A /* PBXTargetDependency */ = {
			isa = PBXTargetDependency;
			name = CordovaLib;
			targetProxy = 301BF550109A68C00062928A /* PBXContainerItemProxy */;
		};
/* End PBXTargetDependency section */

/* Begin XCBuildConfiguration section */
		1D6058940D05DD3E006BFB54 /* Debug */ = {
			isa = XCBuildConfiguration;
			baseConfigurationReference = 3047A50F1AB8059700498E2A /* build-debug.xcconfig */;
			buildSettings = {
				ALWAYS_SEARCH_USER_PATHS = NO;
				ASSETCATALOG_COMPILER_APPICON_NAME = AppIcon;
				ASSETCATALOG_COMPILER_LAUNCHIMAGE_NAME = LaunchImage;
				CLANG_ENABLE_MODULES = YES;
				CLANG_ENABLE_OBJC_ARC = YES;
				CODE_SIGN_ENTITLEMENTS = WebEngageTest/WebEngageTest.entitlements;
				COPY_PHASE_STRIP = NO;
				DEVELOPMENT_TEAM = E59R2H2BZQ;
				FRAMEWORK_SEARCH_PATHS = (
					"$(inherited)",
					"$(PROJECT_DIR)/xc9",
					"\"WebEngageTest/Plugins/cordova-plugin-fcm\"",
					"\"WebEngageTest/Plugins/cordova-plugin-fcm\"",
					"\"WebEngageTest/Plugins/cordova-plugin-fcm\"",
					"\"WebEngageTest/Plugins/cordova-plugin-fcm\"",
					"\"WebEngageTest/Plugins/cordova-plugin-fcm\"",
					"\"WebEngageTest/Plugins/cordova-plugin-fcm\"",
					"\"WebEngageTest/Plugins/cordova-plugin-fcm\"",
					"\"WebEngageTest/Plugins/cordova-plugin-fcm\"",
				);
				GCC_DYNAMIC_NO_PIC = NO;
				GCC_OPTIMIZATION_LEVEL = 0;
				GCC_PRECOMPILE_PREFIX_HEADER = YES;
				GCC_PREFIX_HEADER = "WebEngageTest/WebEngageTest-Prefix.pch";
				GCC_THUMB_SUPPORT = NO;
				GCC_VERSION = "";
				INFOPLIST_FILE = "WebEngageTest/WebEngageTest-Info.plist";
				IPHONEOS_DEPLOYMENT_TARGET = 9.0;
				LD_RUNPATH_SEARCH_PATHS = "@executable_path/Frameworks";
				OTHER_LDFLAGS = (
					"-ObjC",
					"-lsqlite3",
				);
				PRODUCT_NAME = WebEngageTest;
				TARGETED_DEVICE_FAMILY = "1,2";
			};
			name = Debug;
		};
		1D6058950D05DD3E006BFB54 /* Release */ = {
			isa = XCBuildConfiguration;
			baseConfigurationReference = 3047A5101AB8059700498E2A /* build-release.xcconfig */;
			buildSettings = {
				ALWAYS_SEARCH_USER_PATHS = NO;
				ASSETCATALOG_COMPILER_APPICON_NAME = AppIcon;
				ASSETCATALOG_COMPILER_LAUNCHIMAGE_NAME = LaunchImage;
				CLANG_ENABLE_MODULES = YES;
				CLANG_ENABLE_OBJC_ARC = YES;
				CODE_SIGN_ENTITLEMENTS = WebEngageTest/WebEngageTest.entitlements;
				COPY_PHASE_STRIP = YES;
				DEVELOPMENT_TEAM = E59R2H2BZQ;
				FRAMEWORK_SEARCH_PATHS = (
					"$(inherited)",
					"$(PROJECT_DIR)/xc9",
					"\"WebEngageTest/Plugins/cordova-plugin-fcm\"",
					"\"WebEngageTest/Plugins/cordova-plugin-fcm\"",
					"\"WebEngageTest/Plugins/cordova-plugin-fcm\"",
					"\"WebEngageTest/Plugins/cordova-plugin-fcm\"",
					"\"WebEngageTest/Plugins/cordova-plugin-fcm\"",
					"\"WebEngageTest/Plugins/cordova-plugin-fcm\"",
					"\"WebEngageTest/Plugins/cordova-plugin-fcm\"",
					"\"WebEngageTest/Plugins/cordova-plugin-fcm\"",
				);
				GCC_PRECOMPILE_PREFIX_HEADER = YES;
				GCC_PREFIX_HEADER = "WebEngageTest/WebEngageTest-Prefix.pch";
				GCC_THUMB_SUPPORT = NO;
				GCC_VERSION = "";
				INFOPLIST_FILE = "WebEngageTest/WebEngageTest-Info.plist";
				IPHONEOS_DEPLOYMENT_TARGET = 9.0;
				LD_RUNPATH_SEARCH_PATHS = "@executable_path/Frameworks";
				OTHER_LDFLAGS = (
					"-ObjC",
					"-lsqlite3",
				);
				PRODUCT_NAME = WebEngageTest;
				TARGETED_DEVICE_FAMILY = "1,2";
			};
			name = Release;
		};
		C01FCF4F08A954540054247B /* Debug */ = {
			isa = XCBuildConfiguration;
			baseConfigurationReference = 3047A5111AB8059700498E2A /* build.xcconfig */;
			buildSettings = {
				CLANG_ENABLE_MODULES = YES;
				CLANG_ENABLE_OBJC_ARC = YES;
				CLANG_WARN_BOOL_CONVERSION = YES;
				CLANG_WARN_CONSTANT_CONVERSION = YES;
				CLANG_WARN_EMPTY_BODY = YES;
				CLANG_WARN_ENUM_CONVERSION = YES;
				CLANG_WARN_INT_CONVERSION = YES;
				CLANG_WARN__DUPLICATE_METHOD_MATCH = YES;
				GCC_C_LANGUAGE_STANDARD = c99;
				GCC_THUMB_SUPPORT = NO;
				GCC_VERSION = "";
				GCC_WARN_ABOUT_RETURN_TYPE = YES;
				GCC_WARN_UNDECLARED_SELECTOR = YES;
				GCC_WARN_UNINITIALIZED_AUTOS = YES;
				GCC_WARN_UNUSED_FUNCTION = YES;
				GCC_WARN_UNUSED_VARIABLE = YES;
				ONLY_ACTIVE_ARCH = YES;
				SDKROOT = iphoneos;
				SKIP_INSTALL = NO;
			};
			name = Debug;
		};
		C01FCF5008A954540054247B /* Release */ = {
			isa = XCBuildConfiguration;
			baseConfigurationReference = 3047A5111AB8059700498E2A /* build.xcconfig */;
			buildSettings = {
				CLANG_ENABLE_MODULES = YES;
				CLANG_ENABLE_OBJC_ARC = YES;
				CLANG_WARN_BOOL_CONVERSION = YES;
				CLANG_WARN_CONSTANT_CONVERSION = YES;
				CLANG_WARN_EMPTY_BODY = YES;
				CLANG_WARN_ENUM_CONVERSION = YES;
				CLANG_WARN_INT_CONVERSION = YES;
				CLANG_WARN__DUPLICATE_METHOD_MATCH = YES;
				GCC_C_LANGUAGE_STANDARD = c99;
				GCC_THUMB_SUPPORT = NO;
				GCC_VERSION = "";
				GCC_WARN_ABOUT_RETURN_TYPE = YES;
				GCC_WARN_UNDECLARED_SELECTOR = YES;
				GCC_WARN_UNINITIALIZED_AUTOS = YES;
				GCC_WARN_UNUSED_FUNCTION = YES;
				GCC_WARN_UNUSED_VARIABLE = YES;
				SDKROOT = iphoneos;
				SKIP_INSTALL = NO;
			};
			name = Release;
		};
/* End XCBuildConfiguration section */

/* Begin XCConfigurationList section */
		1D6058960D05DD3E006BFB54 /* Build configuration list for PBXNativeTarget "WebEngageTest" */ = {
			isa = XCConfigurationList;
			buildConfigurations = (
				1D6058940D05DD3E006BFB54 /* Debug */,
				1D6058950D05DD3E006BFB54 /* Release */,
			);
			defaultConfigurationIsVisible = 0;
			defaultConfigurationName = Release;
		};
		C01FCF4E08A954540054247B /* Build configuration list for PBXProject "WebEngageTest" */ = {
			isa = XCConfigurationList;
			buildConfigurations = (
				C01FCF4F08A954540054247B /* Debug */,
				C01FCF5008A954540054247B /* Release */,
			);
			defaultConfigurationIsVisible = 0;
			defaultConfigurationName = Release;
		};
/* End XCConfigurationList section */
	};
	rootObject = 29B97313FDCFA39411CA2CEA /* Project object */;
}
